PODS:
  - FuzzyMatchingSwift (0.4.0)

DEPENDENCIES:
  - FuzzyMatchingSwift (from `../`)

EXTERNAL SOURCES:
  FuzzyMatchingSwift:
    :path: "../"

SPEC CHECKSUMS:
  FuzzyMatchingSwift: 9e5820f0b68a44024e050aac05bd915ba074a60e

PODFILE CHECKSUM: 55ac2e1d60dce190d134e91cd11568d51dc0a095

COCOAPODS: 1.2.1
