PODS:
  - FuzzyMatchingSwift (0.9.0)

DEPENDENCIES:
  - FuzzyMatchingSwift (from `../`)

EXTERNAL SOURCES:
  FuzzyMatchingSwift:
    :path: "../"

SPEC CHECKSUMS:
  FuzzyMatchingSwift: cc7a5fbee93c6fa3cfa239779f352b8d2cb07d0e

PODFILE CHECKSUM: 55ac2e1d60dce190d134e91cd11568d51dc0a095

COCOAPODS: 1.15.2
