PODS:
  - FuzzyMatchingSwift (0.10.0)

DEPENDENCIES:
  - FuzzyMatchingSwift (from `../`)

EXTERNAL SOURCES:
  FuzzyMatchingSwift:
    :path: "../"

SPEC CHECKSUMS:
  FuzzyMatchingSwift: 7cb7208f07b4b453f9e80d0db1fd77ea0c9efb44

PODFILE CHECKSUM: 55ac2e1d60dce190d134e91cd11568d51dc0a095

COCOAPODS: 1.15.2
